// !$*UTF8*$!
{
	archiveVersion = 1;
	classes = {
	};
	objectVersion = 46;
	objects = {

/* Begin PBXBuildFile section */
		8EC844091DE44430003E3D2A /* AppDelegate.swift in Sources */ = {isa = PBXBuildFile; fileRef = 8EC844081DE44430003E3D2A /* AppDelegate.swift */; };
		8EC8440B1DE44430003E3D2A /* ViewController.swift in Sources */ = {isa = PBXBuildFile; fileRef = 8EC8440A1DE44430003E3D2A /* ViewController.swift */; };
		8EC8440E1DE44430003E3D2A /* Main.storyboard in Resources */ = {isa = PBXBuildFile; fileRef = 8EC8440C1DE44430003E3D2A /* Main.storyboard */; };
		8EC844101DE44430003E3D2A /* Assets.xcassets in Resources */ = {isa = PBXBuildFile; fileRef = 8EC8440F1DE44430003E3D2A /* Assets.xcassets */; };
		8EC844131DE44430003E3D2A /* LaunchScreen.storyboard in Resources */ = {isa = PBXBuildFile; fileRef = 8EC844111DE44430003E3D2A /* LaunchScreen.storyboard */; };
		8EC8441B1DE44E3C003E3D2A /* Weather.swift in Sources */ = {isa = PBXBuildFile; fileRef = 8EC8441A1DE44E3C003E3D2A /* Weather.swift */; };
		B3CEFA83BC9C7D9A247597BC /* Pods_WeatherAppSwift.framework in Frameworks */ = {isa = PBXBuildFile; fileRef = 1D5E12ADCCA3DEA12498A329 /* Pods_WeatherAppSwift.framework */; };
/* End PBXBuildFile section */

/* Begin PBXFileReference section */
		1D5E12ADCCA3DEA12498A329 /* Pods_WeatherAppSwift.framework */ = {isa = PBXFileReference; explicitFileType = wrapper.framework; includeInIndex = 0; path = Pods_WeatherAppSwift.framework; sourceTree = BUILT_PRODUCTS_DIR; };
		4688ABF67BECC10EB45322C9 /* Pods-WeatherAppSwift.release.xcconfig */ = {isa = PBXFileReference; includeInIndex = 1; lastKnownFileType = text.xcconfig; name = "Pods-WeatherAppSwift.release.xcconfig"; path = "Pods/Target Support Files/Pods-WeatherAppSwift/Pods-WeatherAppSwift.release.xcconfig"; sourceTree = "<group>"; };
		68927FAE3E8DBE89ABF97074 /* Pods-WeatherAppSwift.debug.xcconfig */ = {isa = PBXFileReference; includeInIndex = 1; lastKnownFileType = text.xcconfig; name = "Pods-WeatherAppSwift.debug.xcconfig"; path = "Pods/Target Support Files/Pods-WeatherAppSwift/Pods-WeatherAppSwift.debug.xcconfig"; sourceTree = "<group>"; };
		8EC844051DE44430003E3D2A /* WeatherAppSwift.app */ = {isa = PBXFileReference; explicitFileType = wrapper.application; includeInIndex = 0; path = WeatherAppSwift.app; sourceTree = BUILT_PRODUCTS_DIR; };
		8EC844081DE44430003E3D2A /* AppDelegate.swift */ = {isa = PBXFileReference; lastKnownFileType = sourcecode.swift; path = AppDelegate.swift; sourceTree = "<group>"; };
		8EC8440A1DE44430003E3D2A /* ViewController.swift */ = {isa = PBXFileReference; lastKnownFileType = sourcecode.swift; path = ViewController.swift; sourceTree = "<group>"; };
		8EC8440D1DE44430003E3D2A /* Base */ = {isa = PBXFileReference; lastKnownFileType = file.storyboard; name = Base; path = Base.lproj/Main.storyboard; sourceTree = "<group>"; };
		8EC8440F1DE44430003E3D2A /* Assets.xcassets */ = {isa = PBXFileReference; lastKnownFileType = folder.assetcatalog; path = Assets.xcassets; sourceTree = "<group>"; };
		8EC844121DE44430003E3D2A /* Base */ = {isa = PBXFileReference; lastKnownFileType = file.storyboard; name = Base; path = Base.lproj/LaunchScreen.storyboard; sourceTree = "<group>"; };
		8EC844141DE44430003E3D2A /* Info.plist */ = {isa = PBXFileReference; lastKnownFileType = text.plist.xml; path = Info.plist; sourceTree = "<group>"; };
		8EC8441A1DE44E3C003E3D2A /* Weather.swift */ = {isa = PBXFileReference; fileEncoding = 4; lastKnownFileType = sourcecode.swift; path = Weather.swift; sourceTree = "<group>"; };
/* End PBXFileReference section */

/* Begin PBXFrameworksBuildPhase section */
		8EC844021DE44430003E3D2A /* Frameworks */ = {
			isa = PBXFrameworksBuildPhase;
			buildActionMask = 2147483647;
			files = (
				B3CEFA83BC9C7D9A247597BC /* Pods_WeatherAppSwift.framework in Frameworks */,
			);
			runOnlyForDeploymentPostprocessing = 0;
		};
/* End PBXFrameworksBuildPhase section */

/* Begin PBXGroup section */
		60EC95CE78DA886512DAC467 /* Pods */ = {
			isa = PBXGroup;
			children = (
				68927FAE3E8DBE89ABF97074 /* Pods-WeatherAppSwift.debug.xcconfig */,
				4688ABF67BECC10EB45322C9 /* Pods-WeatherAppSwift.release.xcconfig */,
			);
			name = Pods;
			sourceTree = "<group>";
		};
		8EC843FC1DE44430003E3D2A = {
			isa = PBXGroup;
			children = (
				8EC844071DE44430003E3D2A /* WeatherAppSwift */,
				8EC844061DE44430003E3D2A /* Products */,
				60EC95CE78DA886512DAC467 /* Pods */,
				A2DFC914B19071302EFE6553 /* Frameworks */,
			);
			sourceTree = "<group>";
		};
		8EC844061DE44430003E3D2A /* Products */ = {
			isa = PBXGroup;
			children = (
				8EC844051DE44430003E3D2A /* WeatherAppSwift.app */,
			);
			name = Products;
			sourceTree = "<group>";
		};
		8EC844071DE44430003E3D2A /* WeatherAppSwift */ = {
			isa = PBXGroup;
			children = (
				8EC844081DE44430003E3D2A /* AppDelegate.swift */,
				8EC8440A1DE44430003E3D2A /* ViewController.swift */,
				8EC8440C1DE44430003E3D2A /* Main.storyboard */,
				8EC8440F1DE44430003E3D2A /* Assets.xcassets */,
				8EC844111DE44430003E3D2A /* LaunchScreen.storyboard */,
				8EC844141DE44430003E3D2A /* Info.plist */,
				8EC8441A1DE44E3C003E3D2A /* Weather.swift */,
			);
			path = WeatherAppSwift;
			sourceTree = "<group>";
		};
		A2DFC914B19071302EFE6553 /* Frameworks */ = {
			isa = PBXGroup;
			children = (
				1D5E12ADCCA3DEA12498A329 /* Pods_WeatherAppSwift.framework */,
			);
			name = Frameworks;
			sourceTree = "<group>";
		};
/* End PBXGroup section */

/* Begin PBXNativeTarget section */
		8EC844041DE44430003E3D2A /* WeatherAppSwift */ = {
			isa = PBXNativeTarget;
			buildConfigurationList = 8EC844171DE44430003E3D2A /* Build configuration list for PBXNativeTarget "WeatherAppSwift" */;
			buildPhases = (
				A05194D5F4D942FA0B41F32A /* [CP] Check Pods Manifest.lock */,
				8EC844011DE44430003E3D2A /* Sources */,
				8EC844021DE44430003E3D2A /* Frameworks */,
				8EC844031DE44430003E3D2A /* Resources */,
				D63B1EC1891FBCA09AEA1F34 /* [CP] Embed Pods Frameworks */,
				71ABEB57F3B2D16C0D5094F1 /* [CP] Copy Pods Resources */,
			);
			buildRules = (
			);
			dependencies = (
			);
			name = WeatherAppSwift;
			productName = WeatherAppSwift;
			productReference = 8EC844051DE44430003E3D2A /* WeatherAppSwift.app */;
			productType = "com.apple.product-type.application";
		};
/* End PBXNativeTarget section */

/* Begin PBXProject section */
		8EC843FD1DE44430003E3D2A /* Project object */ = {
			isa = PBXProject;
			attributes = {
				LastSwiftUpdateCheck = 0800;
				LastUpgradeCheck = 0800;
				ORGANIZATIONNAME = "Timofey Lavrenyuk";
				TargetAttributes = {
					8EC844041DE44430003E3D2A = {
						CreatedOnToolsVersion = 8.0;
						DevelopmentTeam = ZX2AU84SHF;
						ProvisioningStyle = Automatic;
					};
				};
			};
			buildConfigurationList = 8EC844001DE44430003E3D2A /* Build configuration list for PBXProject "WeatherAppSwift" */;
			compatibilityVersion = "Xcode 3.2";
			developmentRegion = English;
			hasScannedForEncodings = 0;
			knownRegions = (
				en,
				Base,
			);
			mainGroup = 8EC843FC1DE44430003E3D2A;
			productRefGroup = 8EC844061DE44430003E3D2A /* Products */;
			projectDirPath = "";
			projectRoot = "";
			targets = (
				8EC844041DE44430003E3D2A /* WeatherAppSwift */,
			);
		};
/* End PBXProject section */

/* Begin PBXResourcesBuildPhase section */
		8EC844031DE44430003E3D2A /* Resources */ = {
			isa = PBXResourcesBuildPhase;
			buildActionMask = 2147483647;
			files = (
				8EC844131DE44430003E3D2A /* LaunchScreen.storyboard in Resources */,
				8EC844101DE44430003E3D2A /* Assets.xcassets in Resources */,
				8EC8440E1DE44430003E3D2A /* Main.storyboard in Resources */,
			);
			runOnlyForDeploymentPostprocessing = 0;
		};
/* End PBXResourcesBuildPhase section */

/* Begin PBXShellScriptBuildPhase section */
		71ABEB57F3B2D16C0D5094F1 /* [CP] Copy Pods Resources */ = {
			isa = PBXShellScriptBuildPhase;
			buildActionMask = 2147483647;
			files = (
			);
			inputPaths = (
			);
			name = "[CP] Copy Pods Resources";
			outputPaths = (
			);
			runOnlyForDeploymentPostprocessing = 0;
			shellPath = /bin/sh;
			shellScript = "\"${SRCROOT}/Pods/Target Support Files/Pods-WeatherAppSwift/Pods-WeatherAppSwift-resources.sh\"\n";
			showEnvVarsInLog = 0;
		};
		A05194D5F4D942FA0B41F32A /* [CP] Check Pods Manifest.lock */ = {
			isa = PBXShellScriptBuildPhase;
			buildActionMask = 2147483647;
			files = (
			);
			inputPaths = (
			);
			name = "[CP] Check Pods Manifest.lock";
			outputPaths = (
			);
			runOnlyForDeploymentPostprocessing = 0;
			shellPath = /bin/sh;
			shellScript = "diff \"${PODS_ROOT}/../Podfile.lock\" \"${PODS_ROOT}/Manifest.lock\" > /dev/null\nif [ $? != 0 ] ; then\n    # print error to STDERR\n    echo \"error: The sandbox is not in sync with the Podfile.lock. Run 'pod install' or update your CocoaPods installation.\" >&2\n    exit 1\nfi\n";
			showEnvVarsInLog = 0;
		};
		D63B1EC1891FBCA09AEA1F34 /* [CP] Embed Pods Frameworks */ = {
			isa = PBXShellScriptBuildPhase;
			buildActionMask = 2147483647;
			files = (
			);
			inputPaths = (
			);
			name = "[CP] Embed Pods Frameworks";
			outputPaths = (
			);
			runOnlyForDeploymentPostprocessing = 0;
			shellPath = /bin/sh;
			shellScript = "\"${SRCROOT}/Pods/Target Support Files/Pods-WeatherAppSwift/Pods-WeatherAppSwift-frameworks.sh\"\n";
			showEnvVarsInLog = 0;
		};
/* End PBXShellScriptBuildPhase section */

/* Begin PBXSourcesBuildPhase section */
		8EC844011DE44430003E3D2A /* Sources */ = {
			isa = PBXSourcesBuildPhase;
			buildActionMask = 2147483647;
			files = (
				8EC8440B1DE44430003E3D2A /* ViewController.swift in Sources */,
				8EC8441B1DE44E3C003E3D2A /* Weather.swift in Sources */,
				8EC844091DE44430003E3D2A /* AppDelegate.swift in Sources */,
			);
			runOnlyForDeploymentPostprocessing = 0;
		};
/* End PBXSourcesBuildPhase section */

/* Begin PBXVariantGroup section */
		8EC8440C1DE44430003E3D2A /* Main.storyboard */ = {
			isa = PBXVariantGroup;
			children = (
				8EC8440D1DE44430003E3D2A /* Base */,
			);
			name = Main.storyboard;
			sourceTree = "<group>";
		};
		8EC844111DE44430003E3D2A /* LaunchScreen.storyboard */ = {
			isa = PBXVariantGroup;
			children = (
				8EC844121DE44430003E3D2A /* Base */,
			);
			name = LaunchScreen.storyboard;
			sourceTree = "<group>";
		};
/* End PBXVariantGroup section */

/* Begin XCBuildConfiguration section */
		8EC844151DE44430003E3D2A /* Debug */ = {
			isa = XCBuildConfiguration;
			buildSettings = {
				ALWAYS_SEARCH_USER_PATHS = NO;
				CLANG_ANALYZER_NONNULL = YES;
				CLANG_CXX_LANGUAGE_STANDARD = "gnu++0x";
				CLANG_CXX_LIBRARY = "libc++";
				CLANG_ENABLE_MODULES = YES;
				CLANG_ENABLE_OBJC_ARC = YES;
				CLANG_WARN_BOOL_CONVERSION = YES;
				CLANG_WARN_CONSTANT_CONVERSION = YES;
				CLANG_WARN_DIRECT_OBJC_ISA_USAGE = YES_ERROR;
				CLANG_WARN_DOCUMENTATION_COMMENTS = YES;
				CLANG_WARN_EMPTY_BODY = YES;
				CLANG_WARN_ENUM_CONVERSION = YES;
				CLANG_WARN_INFINITE_RECURSION = YES;
				CLANG_WARN_INT_CONVERSION = YES;
				CLANG_WARN_OBJC_ROOT_CLASS = YES_ERROR;
				CLANG_WARN_SUSPICIOUS_MOVES = YES;
				CLANG_WARN_UNREACHABLE_CODE = YES;
				CLANG_WARN__DUPLICATE_METHOD_MATCH = YES;
				"CODE_SIGN_IDENTITY[sdk=iphoneos*]" = "iPhone Developer";
				COPY_PHASE_STRIP = NO;
				DEBUG_INFORMATION_FORMAT = dwarf;
				ENABLE_STRICT_OBJC_MSGSEND = YES;
				ENABLE_TESTABILITY = YES;
				GCC_C_LANGUAGE_STANDARD = gnu99;
				GCC_DYNAMIC_NO_PIC = NO;
				GCC_NO_COMMON_BLOCKS = YES;
				GCC_OPTIMIZATION_LEVEL = 0;
				GCC_PREPROCESSOR_DEFINITIONS = (
					"DEBUG=1",
					"$(inherited)",
				);
				GCC_WARN_64_TO_32_BIT_CONVERSION = YES;
				GCC_WARN_ABOUT_RETURN_TYPE = YES_ERROR;
				GCC_WARN_UNDECLARED_SELECTOR = YES;
				GCC_WARN_UNINITIALIZED_AUTOS = YES_AGGRESSIVE;
				GCC_WARN_UNUSED_FUNCTION = YES;
				GCC_WARN_UNUSED_VARIABLE = YES;
				IPHONEOS_DEPLOYMENT_TARGET = 10.0;
				MTL_ENABLE_DEBUG_INFO = YES;
				ONLY_ACTIVE_ARCH = YES;
				SDKROOT = iphoneos;
				SWIFT_ACTIVE_COMPILATION_CONDITIONS = DEBUG;
				SWIFT_OPTIMIZATION_LEVEL = "-Onone";
			};
			name = Debug;
		};
		8EC844161DE44430003E3D2A /* Release */ = {
			isa = XCBuildConfiguration;
			buildSettings = {
				ALWAYS_SEARCH_USER_PATHS = NO;
				CLANG_ANALYZER_NONNULL = YES;
				CLANG_CXX_LANGUAGE_STANDARD = "gnu++0x";
				CLANG_CXX_LIBRARY = "libc++";
				CLANG_ENABLE_MODULES = YES;
				CLANG_ENABLE_OBJC_ARC = YES;
				CLANG_WARN_BOOL_CONVERSION = YES;
				CLANG_WARN_CONSTANT_CONVERSION = YES;
				CLANG_WARN_DIRECT_OBJC_ISA_USAGE = YES_ERROR;
				CLANG_WARN_DOCUMENTATION_COMMENTS = YES;
				CLANG_WARN_EMPTY_BODY = YES;
				CLANG_WARN_ENUM_CONVERSION = YES;
				CLANG_WARN_INFINITE_RECURSION = YES;
				CLANG_WARN_INT_CONVERSION = YES;
				CLANG_WARN_OBJC_ROOT_CLASS = YES_ERROR;
				CLANG_WARN_SUSPICIOUS_MOVES = YES;
				CLANG_WARN_UNREACHABLE_CODE = YES;
				CLANG_WARN__DUPLICATE_METHOD_MATCH = YES;
				"CODE_SIGN_IDENTITY[sdk=iphoneos*]" = "iPhone Developer";
				COPY_PHASE_STRIP = NO;
				DEBUG_INFORMATION_FORMAT = "dwarf-with-dsym";
				ENABLE_NS_ASSERTIONS = NO;
				ENABLE_STRICT_OBJC_MSGSEND = YES;
				GCC_C_LANGUAGE_STANDARD = gnu99;
				GCC_NO_COMMON_BLOCKS = YES;
				GCC_WARN_64_TO_32_BIT_CONVERSION = YES;
				GCC_WARN_ABOUT_RETURN_TYPE = YES_ERROR;
				GCC_WARN_UNDECLARED_SELECTOR = YES;
				GCC_WARN_UNINITIALIZED_AUTOS = YES_AGGRESSIVE;
				GCC_WARN_UNUSED_FUNCTION = YES;
				GCC_WARN_UNUSED_VARIABLE = YES;
				IPHONEOS_DEPLOYMENT_TARGET = 10.0;
				MTL_ENABLE_DEBUG_INFO = NO;
				SDKROOT = iphoneos;
				SWIFT_OPTIMIZATION_LEVEL = "-Owholemodule";
				VALIDATE_PRODUCT = YES;
			};
			name = Release;
		};
		8EC844181DE44430003E3D2A /* Debug */ = {
			isa = XCBuildConfiguration;
			baseConfigurationReference = 68927FAE3E8DBE89ABF97074 /* Pods-WeatherAppSwift.debug.xcconfig */;
			buildSettings = {
				ASSETCATALOG_COMPILER_APPICON_NAME = AppIcon;
				DEVELOPMENT_TEAM = ZX2AU84SHF;
				INFOPLIST_FILE = WeatherAppSwift/Info.plist;
				IPHONEOS_DEPLOYMENT_TARGET = 10.0;
				LD_RUNPATH_SEARCH_PATHS = "$(inherited) @executable_path/Frameworks";
				PRODUCT_BUNDLE_IDENTIFIER = app.lavrenyuk.WeatherAppSwift;
				PRODUCT_NAME = "$(TARGET_NAME)";
				SWIFT_VERSION = 3.0;
			};
			name = Debug;
		};
		8EC844191DE44430003E3D2A /* Release */ = {
			isa = XCBuildConfiguration;
			baseConfigurationReference = 4688ABF67BECC10EB45322C9 /* Pods-WeatherAppSwift.release.xcconfig */;
			buildSettings = {
				ASSETCATALOG_COMPILER_APPICON_NAME = AppIcon;
				DEVELOPMENT_TEAM = ZX2AU84SHF;
				INFOPLIST_FILE = WeatherAppSwift/Info.plist;
				IPHONEOS_DEPLOYMENT_TARGET = 10.0;
				LD_RUNPATH_SEARCH_PATHS = "$(inherited) @executable_path/Frameworks";
				PRODUCT_BUNDLE_IDENTIFIER = app.lavrenyuk.WeatherAppSwift;
				PRODUCT_NAME = "$(TARGET_NAME)";
				SWIFT_VERSION = 3.0;
			};
			name = Release;
		};
/* End XCBuildConfiguration section */

/* Begin XCConfigurationList section */
		8EC844001DE44430003E3D2A /* Build configuration list for PBXProject "WeatherAppSwift" */ = {
			isa = XCConfigurationList;
			buildConfigurations = (
				8EC844151DE44430003E3D2A /* Debug */,
				8EC844161DE44430003E3D2A /* Release */,
			);
			defaultConfigurationIsVisible = 0;
			defaultConfigurationName = Release;
		};
		8EC844171DE44430003E3D2A /* Build configuration list for PBXNativeTarget "WeatherAppSwift" */ = {
			isa = XCConfigurationList;
			buildConfigurations = (
				8EC844181DE44430003E3D2A /* Debug */,
				8EC844191DE44430003E3D2A /* Release */,
			);
			defaultConfigurationIsVisible = 0;
			defaultConfigurationName = Release;
		};
/* End XCConfigurationList section */
	};
	rootObject = 8EC843FD1DE44430003E3D2A /* Project object */;
}
